
Microsoft Visual Studio Solution File, Format Version 12.00
# Visual Studio Version 17
VisualStudioVersion = 17.7.34003.232
MinimumVisualStudioVersion = 10.0.40219.1
Project("{FAE04EC0-301F-11D3-BF4B-00C04F79EFBC}") = "numeromayoromenor", "numeromayoromenor.csproj", "{D04DB182-5DA8-4D38-AAB1-2332CF2EEC6B}"
EndProject
Global
	GlobalSection(SolutionConfigurationPlatforms) = preSolution
		Debug|Any CPU = Debug|Any CPU
		Release|Any CPU = Release|Any CPU
	EndGlobalSection
	GlobalSection(ProjectConfigurationPlatforms) = postSolution
		{D04DB182-5DA8-4D38-AAB1-2332CF2EEC6B}.Debug|Any CPU.ActiveCfg = Debug|Any CPU
		{D04DB182-5DA8-4D38-AAB1-2332CF2EEC6B}.Debug|Any CPU.Build.0 = Debug|Any CPU
		{D04DB182-5DA8-4D38-AAB1-2332CF2EEC6B}.Release|Any CPU.ActiveCfg = Release|Any CPU
		{D04DB182-5DA8-4D38-AAB1-2332CF2EEC6B}.Release|Any CPU.Build.0 = Release|Any CPU
	EndGlobalSection
	GlobalSection(SolutionProperties) = preSolution
		HideSolutionNode = FALSE
	EndGlobalSection
	GlobalSection(ExtensibilityGlobals) = postSolution
		SolutionGuid = {B45A6FA4-2121-400A-8BAC-005AF5E50516}
	EndGlobalSection
EndGlobal
