
Microsoft Visual Studio Solution File, Format Version 12.00
# Visual Studio Version 17
VisualStudioVersion = 17.7.34003.232
MinimumVisualStudioVersion = 10.0.40219.1
Project("{FAE04EC0-301F-11D3-BF4B-00C04F79EFBC}") = "numeroprimo", "numeroprimo.csproj", "{A162EE14-C441-43A8-A592-ECED74F212C0}"
EndProject
Global
	GlobalSection(SolutionConfigurationPlatforms) = preSolution
		Debug|Any CPU = Debug|Any CPU
		Release|Any CPU = Release|Any CPU
	EndGlobalSection
	GlobalSection(ProjectConfigurationPlatforms) = postSolution
		{A162EE14-C441-43A8-A592-ECED74F212C0}.Debug|Any CPU.ActiveCfg = Debug|Any CPU
		{A162EE14-C441-43A8-A592-ECED74F212C0}.Debug|Any CPU.Build.0 = Debug|Any CPU
		{A162EE14-C441-43A8-A592-ECED74F212C0}.Release|Any CPU.ActiveCfg = Release|Any CPU
		{A162EE14-C441-43A8-A592-ECED74F212C0}.Release|Any CPU.Build.0 = Release|Any CPU
	EndGlobalSection
	GlobalSection(SolutionProperties) = preSolution
		HideSolutionNode = FALSE
	EndGlobalSection
	GlobalSection(ExtensibilityGlobals) = postSolution
		SolutionGuid = {C4E7C180-DE87-454F-8E08-6F7C3CCA7501}
	EndGlobalSection
EndGlobal
